Microsoft Visual Studio Solution File, Format Version 12.00
# Visual Studio Version 17
VisualStudioVersion = 17.13.35919.96
MinimumVisualStudioVersion = 10.0.40219.1
Project("{FAE04EC0-301F-11D3-BF4B-00C04F79EFBC}") = "AibaseResumeScreening", "AibaseResumeScreening.csproj", "{464C9C37-0356-4848-8140-E8E6437F2923}"
EndProject
Global
	GlobalSection(SolutionConfigurationPlatforms) = preSolution
		Debug|Any CPU = Debug|Any CPU
		Debug|ARM64 = Debug|ARM64
		Debug|x64 = Debug|x64
		Release|Any CPU = Release|Any CPU
		Release|ARM64 = Release|ARM64
		Release|x64 = Release|x64
	EndGlobalSection
	GlobalSection(ProjectConfigurationPlatforms) = postSolution
		{464C9C37-0356-4848-8140-E8E6437F2923}.Debug|Any CPU.ActiveCfg = Debug|Any CPU
		{464C9C37-0356-4848-8140-E8E6437F2923}.Debug|Any CPU.Build.0 = Debug|Any CPU
		{464C9C37-0356-4848-8140-E8E6437F2923}.Debug|ARM64.ActiveCfg = Debug|ARM64
		{464C9C37-0356-4848-8140-E8E6437F2923}.Debug|ARM64.Build.0 = Debug|ARM64
		{464C9C37-0356-4848-8140-E8E6437F2923}.Debug|x64.ActiveCfg = Debug|x64
		{464C9C37-0356-4848-8140-E8E6437F2923}.Debug|x64.Build.0 = Debug|x64
		{464C9C37-0356-4848-8140-E8E6437F2923}.Release|Any CPU.ActiveCfg = Release|Any CPU
		{464C9C37-0356-4848-8140-E8E6437F2923}.Release|Any CPU.Build.0 = Release|Any CPU
		{464C9C37-0356-4848-8140-E8E6437F2923}.Release|ARM64.ActiveCfg = Release|ARM64
		{464C9C37-0356-4848-8140-E8E6437F2923}.Release|ARM64.Build.0 = Release|ARM64
		{464C9C37-0356-4848-8140-E8E6437F2923}.Release|x64.ActiveCfg = Release|x64
		{464C9C37-0356-4848-8140-E8E6437F2923}.Release|x64.Build.0 = Release|x64
	EndGlobalSection
	GlobalSection(SolutionProperties) = preSolution
		HideSolutionNode = FALSE
	EndGlobalSection
	GlobalSection(ExtensibilityGlobals) = postSolution
		SolutionGuid = {C7E305C6-00E7-40F1-9902-04697491E3B4}
	EndGlobalSection
EndGlobal
